// !$*UTF8*$!
{
	archiveVersion = 1;
	classes = {
	};
	objectVersion = 50;
	objects = {

/* Begin PBXBuildFile section */
		D370A552245C95B400AE5475 /* AppDelegate.swift in Sources */ = {isa = PBXBuildFile; fileRef = D370A551245C95B400AE5475 /* AppDelegate.swift */; };
		D370A554245C95B400AE5475 /* SceneDelegate.swift in Sources */ = {isa = PBXBuildFile; fileRef = D370A553245C95B400AE5475 /* SceneDelegate.swift */; };
		D370A557245C95B400AE5475 /* CoreDataProject.xcdatamodeld in Sources */ = {isa = PBXBuildFile; fileRef = D370A555245C95B400AE5475 /* CoreDataProject.xcdatamodeld */; };
		D370A559245C95B400AE5475 /* ContentView.swift in Sources */ = {isa = PBXBuildFile; fileRef = D370A558245C95B400AE5475 /* ContentView.swift */; };
		D370A55B245C95B600AE5475 /* Assets.xcassets in Resources */ = {isa = PBXBuildFile; fileRef = D370A55A245C95B600AE5475 /* Assets.xcassets */; };
		D370A55E245C95B600AE5475 /* Preview Assets.xcassets in Resources */ = {isa = PBXBuildFile; fileRef = D370A55D245C95B600AE5475 /* Preview Assets.xcassets */; };
		D370A561245C95B600AE5475 /* LaunchScreen.storyboard in Resources */ = {isa = PBXBuildFile; fileRef = D370A55F245C95B600AE5475 /* LaunchScreen.storyboard */; };
		D370A56C245C969400AE5475 /* Country+CoreDataClass.swift in Sources */ = {isa = PBXBuildFile; fileRef = D370A568245C969400AE5475 /* Country+CoreDataClass.swift */; };
		D370A56D245C969400AE5475 /* Country+CoreDataProperties.swift in Sources */ = {isa = PBXBuildFile; fileRef = D370A569245C969400AE5475 /* Country+CoreDataProperties.swift */; };
		D370A56E245C969400AE5475 /* Candy+CoreDataClass.swift in Sources */ = {isa = PBXBuildFile; fileRef = D370A56A245C969400AE5475 /* Candy+CoreDataClass.swift */; };
		D370A56F245C969400AE5475 /* Candy+CoreDataProperties.swift in Sources */ = {isa = PBXBuildFile; fileRef = D370A56B245C969400AE5475 /* Candy+CoreDataProperties.swift */; };
/* End PBXBuildFile section */

/* Begin PBXFileReference section */
		D370A54E245C95B400AE5475 /* CoreDataProject.app */ = {isa = PBXFileReference; explicitFileType = wrapper.application; includeInIndex = 0; path = CoreDataProject.app; sourceTree = BUILT_PRODUCTS_DIR; };
		D370A551245C95B400AE5475 /* AppDelegate.swift */ = {isa = PBXFileReference; lastKnownFileType = sourcecode.swift; path = AppDelegate.swift; sourceTree = "<group>"; };
		D370A553245C95B400AE5475 /* SceneDelegate.swift */ = {isa = PBXFileReference; lastKnownFileType = sourcecode.swift; path = SceneDelegate.swift; sourceTree = "<group>"; };
		D370A556245C95B400AE5475 /* CoreDataProject.xcdatamodel */ = {isa = PBXFileReference; lastKnownFileType = wrapper.xcdatamodel; path = CoreDataProject.xcdatamodel; sourceTree = "<group>"; };
		D370A558245C95B400AE5475 /* ContentView.swift */ = {isa = PBXFileReference; lastKnownFileType = sourcecode.swift; path = ContentView.swift; sourceTree = "<group>"; };
		D370A55A245C95B600AE5475 /* Assets.xcassets */ = {isa = PBXFileReference; lastKnownFileType = folder.assetcatalog; path = Assets.xcassets; sourceTree = "<group>"; };
		D370A55D245C95B600AE5475 /* Preview Assets.xcassets */ = {isa = PBXFileReference; lastKnownFileType = folder.assetcatalog; path = "Preview Assets.xcassets"; sourceTree = "<group>"; };
		D370A560245C95B600AE5475 /* Base */ = {isa = PBXFileReference; lastKnownFileType = file.storyboard; name = Base; path = Base.lproj/LaunchScreen.storyboard; sourceTree = "<group>"; };
		D370A562245C95B600AE5475 /* Info.plist */ = {isa = PBXFileReference; lastKnownFileType = text.plist.xml; path = Info.plist; sourceTree = "<group>"; };
		D370A568245C969400AE5475 /* Country+CoreDataClass.swift */ = {isa = PBXFileReference; lastKnownFileType = sourcecode.swift; path = "Country+CoreDataClass.swift"; sourceTree = "<group>"; };
		D370A569245C969400AE5475 /* Country+CoreDataProperties.swift */ = {isa = PBXFileReference; lastKnownFileType = sourcecode.swift; path = "Country+CoreDataProperties.swift"; sourceTree = "<group>"; };
		D370A56A245C969400AE5475 /* Candy+CoreDataClass.swift */ = {isa = PBXFileReference; lastKnownFileType = sourcecode.swift; path = "Candy+CoreDataClass.swift"; sourceTree = "<group>"; };
		D370A56B245C969400AE5475 /* Candy+CoreDataProperties.swift */ = {isa = PBXFileReference; lastKnownFileType = sourcecode.swift; path = "Candy+CoreDataProperties.swift"; sourceTree = "<group>"; };
/* End PBXFileReference section */

/* Begin PBXFrameworksBuildPhase section */
		D370A54B245C95B400AE5475 /* Frameworks */ = {
			isa = PBXFrameworksBuildPhase;
			buildActionMask = 2147483647;
			files = (
			);
			runOnlyForDeploymentPostprocessing = 0;
		};
/* End PBXFrameworksBuildPhase section */

/* Begin PBXGroup section */
		D370A545245C95B400AE5475 = {
			isa = PBXGroup;
			children = (
				D370A550245C95B400AE5475 /* CoreDataProject */,
				D370A54F245C95B400AE5475 /* Products */,
			);
			sourceTree = "<group>";
		};
		D370A54F245C95B400AE5475 /* Products */ = {
			isa = PBXGroup;
			children = (
				D370A54E245C95B400AE5475 /* CoreDataProject.app */,
			);
			name = Products;
			sourceTree = "<group>";
		};
		D370A550245C95B400AE5475 /* CoreDataProject */ = {
			isa = PBXGroup;
			children = (
				D370A568245C969400AE5475 /* Country+CoreDataClass.swift */,
				D370A569245C969400AE5475 /* Country+CoreDataProperties.swift */,
				D370A56A245C969400AE5475 /* Candy+CoreDataClass.swift */,
				D370A56B245C969400AE5475 /* Candy+CoreDataProperties.swift */,
				D370A551245C95B400AE5475 /* AppDelegate.swift */,
				D370A553245C95B400AE5475 /* SceneDelegate.swift */,
				D370A558245C95B400AE5475 /* ContentView.swift */,
				D370A55A245C95B600AE5475 /* Assets.xcassets */,
				D370A55F245C95B600AE5475 /* LaunchScreen.storyboard */,
				D370A562245C95B600AE5475 /* Info.plist */,
				D370A555245C95B400AE5475 /* CoreDataProject.xcdatamodeld */,
				D370A55C245C95B600AE5475 /* Preview Content */,
			);
			path = CoreDataProject;
			sourceTree = "<group>";
		};
		D370A55C245C95B600AE5475 /* Preview Content */ = {
			isa = PBXGroup;
			children = (
				D370A55D245C95B600AE5475 /* Preview Assets.xcassets */,
			);
			path = "Preview Content";
			sourceTree = "<group>";
		};
/* End PBXGroup section */

/* Begin PBXNativeTarget section */
		D370A54D245C95B400AE5475 /* CoreDataProject */ = {
			isa = PBXNativeTarget;
			buildConfigurationList = D370A565245C95B600AE5475 /* Build configuration list for PBXNativeTarget "CoreDataProject" */;
			buildPhases = (
				D370A54A245C95B400AE5475 /* Sources */,
				D370A54B245C95B400AE5475 /* Frameworks */,
				D370A54C245C95B400AE5475 /* Resources */,
			);
			buildRules = (
			);
			dependencies = (
			);
			name = CoreDataProject;
			productName = CoreDataProject;
			productReference = D370A54E245C95B400AE5475 /* CoreDataProject.app */;
			productType = "com.apple.product-type.application";
		};
/* End PBXNativeTarget section */

/* Begin PBXProject section */
		D370A546245C95B400AE5475 /* Project object */ = {
			isa = PBXProject;
			attributes = {
				LastSwiftUpdateCheck = 1140;
				LastUpgradeCheck = 1140;
				ORGANIZATIONNAME = "Jason Mitchell";
				TargetAttributes = {
					D370A54D245C95B400AE5475 = {
						CreatedOnToolsVersion = 11.4.1;
					};
				};
			};
			buildConfigurationList = D370A549245C95B400AE5475 /* Build configuration list for PBXProject "CoreDataProject" */;
			compatibilityVersion = "Xcode 9.3";
			developmentRegion = en;
			hasScannedForEncodings = 0;
			knownRegions = (
				en,
				Base,
			);
			mainGroup = D370A545245C95B400AE5475;
			productRefGroup = D370A54F245C95B400AE5475 /* Products */;
			projectDirPath = "";
			projectRoot = "";
			targets = (
				D370A54D245C95B400AE5475 /* CoreDataProject */,
			);
		};
/* End PBXProject section */

/* Begin PBXResourcesBuildPhase section */
		D370A54C245C95B400AE5475 /* Resources */ = {
			isa = PBXResourcesBuildPhase;
			buildActionMask = 2147483647;
			files = (
				D370A561245C95B600AE5475 /* LaunchScreen.storyboard in Resources */,
				D370A55E245C95B600AE5475 /* Preview Assets.xcassets in Resources */,
				D370A55B245C95B600AE5475 /* Assets.xcassets in Resources */,
			);
			runOnlyForDeploymentPostprocessing = 0;
		};
/* End PBXResourcesBuildPhase section */

/* Begin PBXSourcesBuildPhase section */
		D370A54A245C95B400AE5475 /* Sources */ = {
			isa = PBXSourcesBuildPhase;
			buildActionMask = 2147483647;
			files = (
				D370A552245C95B400AE5475 /* AppDelegate.swift in Sources */,
				D370A554245C95B400AE5475 /* SceneDelegate.swift in Sources */,
				D370A56D245C969400AE5475 /* Country+CoreDataProperties.swift in Sources */,
				D370A56F245C969400AE5475 /* Candy+CoreDataProperties.swift in Sources */,
				D370A559245C95B400AE5475 /* ContentView.swift in Sources */,
				D370A56C245C969400AE5475 /* Country+CoreDataClass.swift in Sources */,
				D370A557245C95B400AE5475 /* CoreDataProject.xcdatamodeld in Sources */,
				D370A56E245C969400AE5475 /* Candy+CoreDataClass.swift in Sources */,
			);
			runOnlyForDeploymentPostprocessing = 0;
		};
/* End PBXSourcesBuildPhase section */

/* Begin PBXVariantGroup section */
		D370A55F245C95B600AE5475 /* LaunchScreen.storyboard */ = {
			isa = PBXVariantGroup;
			children = (
				D370A560245C95B600AE5475 /* Base */,
			);
			name = LaunchScreen.storyboard;
			sourceTree = "<group>";
		};
/* End PBXVariantGroup section */

/* Begin XCBuildConfiguration section */
		D370A563245C95B600AE5475 /* Debug */ = {
			isa = XCBuildConfiguration;
			buildSettings = {
				ALWAYS_SEARCH_USER_PATHS = NO;
				CLANG_ANALYZER_NONNULL = YES;
				CLANG_ANALYZER_NUMBER_OBJECT_CONVERSION = YES_AGGRESSIVE;
				CLANG_CXX_LANGUAGE_STANDARD = "gnu++14";
				CLANG_CXX_LIBRARY = "libc++";
				CLANG_ENABLE_MODULES = YES;
				CLANG_ENABLE_OBJC_ARC = YES;
				CLANG_ENABLE_OBJC_WEAK = YES;
				CLANG_WARN_BLOCK_CAPTURE_AUTORELEASING = YES;
				CLANG_WARN_BOOL_CONVERSION = YES;
				CLANG_WARN_COMMA = YES;
				CLANG_WARN_CONSTANT_CONVERSION = YES;
				CLANG_WARN_DEPRECATED_OBJC_IMPLEMENTATIONS = YES;
				CLANG_WARN_DIRECT_OBJC_ISA_USAGE = YES_ERROR;
				CLANG_WARN_DOCUMENTATION_COMMENTS = YES;
				CLANG_WARN_EMPTY_BODY = YES;
				CLANG_WARN_ENUM_CONVERSION = YES;
				CLANG_WARN_INFINITE_RECURSION = YES;
				CLANG_WARN_INT_CONVERSION = YES;
				CLANG_WARN_NON_LITERAL_NULL_CONVERSION = YES;
				CLANG_WARN_OBJC_IMPLICIT_RETAIN_SELF = YES;
				CLANG_WARN_OBJC_LITERAL_CONVERSION = YES;
				CLANG_WARN_OBJC_ROOT_CLASS = YES_ERROR;
				CLANG_WARN_RANGE_LOOP_ANALYSIS = YES;
				CLANG_WARN_STRICT_PROTOTYPES = YES;
				CLANG_WARN_SUSPICIOUS_MOVE = YES;
				CLANG_WARN_UNGUARDED_AVAILABILITY = YES_AGGRESSIVE;
				CLANG_WARN_UNREACHABLE_CODE = YES;
				CLANG_WARN__DUPLICATE_METHOD_MATCH = YES;
				COPY_PHASE_STRIP = NO;
				DEBUG_INFORMATION_FORMAT = dwarf;
				ENABLE_STRICT_OBJC_MSGSEND = YES;
				ENABLE_TESTABILITY = YES;
				GCC_C_LANGUAGE_STANDARD = gnu11;
				GCC_DYNAMIC_NO_PIC = NO;
				GCC_NO_COMMON_BLOCKS = YES;
				GCC_OPTIMIZATION_LEVEL = 0;
				GCC_PREPROCESSOR_DEFINITIONS = (
					"DEBUG=1",
					"$(inherited)",
				);
				GCC_WARN_64_TO_32_BIT_CONVERSION = YES;
				GCC_WARN_ABOUT_RETURN_TYPE = YES_ERROR;
				GCC_WARN_UNDECLARED_SELECTOR = YES;
				GCC_WARN_UNINITIALIZED_AUTOS = YES_AGGRESSIVE;
				GCC_WARN_UNUSED_FUNCTION = YES;
				GCC_WARN_UNUSED_VARIABLE = YES;
				IPHONEOS_DEPLOYMENT_TARGET = 13.4;
				MTL_ENABLE_DEBUG_INFO = INCLUDE_SOURCE;
				MTL_FAST_MATH = YES;
				ONLY_ACTIVE_ARCH = YES;
				SDKROOT = iphoneos;
				SWIFT_ACTIVE_COMPILATION_CONDITIONS = DEBUG;
				SWIFT_OPTIMIZATION_LEVEL = "-Onone";
			};
			name = Debug;
		};
		D370A564245C95B600AE5475 /* Release */ = {
			isa = XCBuildConfiguration;
			buildSettings = {
				ALWAYS_SEARCH_USER_PATHS = NO;
				CLANG_ANALYZER_NONNULL = YES;
				CLANG_ANALYZER_NUMBER_OBJECT_CONVERSION = YES_AGGRESSIVE;
				CLANG_CXX_LANGUAGE_STANDARD = "gnu++14";
				CLANG_CXX_LIBRARY = "libc++";
				CLANG_ENABLE_MODULES = YES;
				CLANG_ENABLE_OBJC_ARC = YES;
				CLANG_ENABLE_OBJC_WEAK = YES;
				CLANG_WARN_BLOCK_CAPTURE_AUTORELEASING = YES;
				CLANG_WARN_BOOL_CONVERSION = YES;
				CLANG_WARN_COMMA = YES;
				CLANG_WARN_CONSTANT_CONVERSION = YES;
				CLANG_WARN_DEPRECATED_OBJC_IMPLEMENTATIONS = YES;
				CLANG_WARN_DIRECT_OBJC_ISA_USAGE = YES_ERROR;
				CLANG_WARN_DOCUMENTATION_COMMENTS = YES;
				CLANG_WARN_EMPTY_BODY = YES;
				CLANG_WARN_ENUM_CONVERSION = YES;
				CLANG_WARN_INFINITE_RECURSION = YES;
				CLANG_WARN_INT_CONVERSION = YES;
				CLANG_WARN_NON_LITERAL_NULL_CONVERSION = YES;
				CLANG_WARN_OBJC_IMPLICIT_RETAIN_SELF = YES;
				CLANG_WARN_OBJC_LITERAL_CONVERSION = YES;
				CLANG_WARN_OBJC_ROOT_CLASS = YES_ERROR;
				CLANG_WARN_RANGE_LOOP_ANALYSIS = YES;
				CLANG_WARN_STRICT_PROTOTYPES = YES;
				CLANG_WARN_SUSPICIOUS_MOVE = YES;
				CLANG_WARN_UNGUARDED_AVAILABILITY = YES_AGGRESSIVE;
				CLANG_WARN_UNREACHABLE_CODE = YES;
				CLANG_WARN__DUPLICATE_METHOD_MATCH = YES;
				COPY_PHASE_STRIP = NO;
				DEBUG_INFORMATION_FORMAT = "dwarf-with-dsym";
				ENABLE_NS_ASSERTIONS = NO;
				ENABLE_STRICT_OBJC_MSGSEND = YES;
				GCC_C_LANGUAGE_STANDARD = gnu11;
				GCC_NO_COMMON_BLOCKS = YES;
				GCC_WARN_64_TO_32_BIT_CONVERSION = YES;
				GCC_WARN_ABOUT_RETURN_TYPE = YES_ERROR;
				GCC_WARN_UNDECLARED_SELECTOR = YES;
				GCC_WARN_UNINITIALIZED_AUTOS = YES_AGGRESSIVE;
				GCC_WARN_UNUSED_FUNCTION = YES;
				GCC_WARN_UNUSED_VARIABLE = YES;
				IPHONEOS_DEPLOYMENT_TARGET = 13.4;
				MTL_ENABLE_DEBUG_INFO = NO;
				MTL_FAST_MATH = YES;
				SDKROOT = iphoneos;
				SWIFT_COMPILATION_MODE = wholemodule;
				SWIFT_OPTIMIZATION_LEVEL = "-O";
				VALIDATE_PRODUCT = YES;
			};
			name = Release;
		};
		D370A566245C95B600AE5475 /* Debug */ = {
			isa = XCBuildConfiguration;
			buildSettings = {
				ASSETCATALOG_COMPILER_APPICON_NAME = AppIcon;
				CODE_SIGN_STYLE = Automatic;
				DEVELOPMENT_ASSET_PATHS = "\"CoreDataProject/Preview Content\"";
				DEVELOPMENT_TEAM = FT544A278F;
				ENABLE_PREVIEWS = YES;
				INFOPLIST_FILE = CoreDataProject/Info.plist;
				LD_RUNPATH_SEARCH_PATHS = (
					"$(inherited)",
					"@executable_path/Frameworks",
				);
				PRODUCT_BUNDLE_IDENTIFIER = com.devjm.CoreDataProject;
				PRODUCT_NAME = "$(TARGET_NAME)";
				SWIFT_VERSION = 5.0;
				TARGETED_DEVICE_FAMILY = "1,2";
			};
			name = Debug;
		};
		D370A567245C95B600AE5475 /* Release */ = {
			isa = XCBuildConfiguration;
			buildSettings = {
				ASSETCATALOG_COMPILER_APPICON_NAME = AppIcon;
				CODE_SIGN_STYLE = Automatic;
				DEVELOPMENT_ASSET_PATHS = "\"CoreDataProject/Preview Content\"";
				DEVELOPMENT_TEAM = FT544A278F;
				ENABLE_PREVIEWS = YES;
				INFOPLIST_FILE = CoreDataProject/Info.plist;
				LD_RUNPATH_SEARCH_PATHS = (
					"$(inherited)",
					"@executable_path/Frameworks",
				);
				PRODUCT_BUNDLE_IDENTIFIER = com.devjm.CoreDataProject;
				PRODUCT_NAME = "$(TARGET_NAME)";
				SWIFT_VERSION = 5.0;
				TARGETED_DEVICE_FAMILY = "1,2";
			};
			name = Release;
		};
/* End XCBuildConfiguration section */

/* Begin XCConfigurationList section */
		D370A549245C95B400AE5475 /* Build configuration list for PBXProject "CoreDataProject" */ = {
			isa = XCConfigurationList;
			buildConfigurations = (
				D370A563245C95B600AE5475 /* Debug */,
				D370A564245C95B600AE5475 /* Release */,
			);
			defaultConfigurationIsVisible = 0;
			defaultConfigurationName = Release;
		};
		D370A565245C95B600AE5475 /* Build configuration list for PBXNativeTarget "CoreDataProject" */ = {
			isa = XCConfigurationList;
			buildConfigurations = (
				D370A566245C95B600AE5475 /* Debug */,
				D370A567245C95B600AE5475 /* Release */,
			);
			defaultConfigurationIsVisible = 0;
			defaultConfigurationName = Release;
		};
/* End XCConfigurationList section */

/* Begin XCVersionGroup section */
		D370A555245C95B400AE5475 /* CoreDataProject.xcdatamodeld */ = {
			isa = XCVersionGroup;
			children = (
				D370A556245C95B400AE5475 /* CoreDataProject.xcdatamodel */,
			);
			currentVersion = D370A556245C95B400AE5475 /* CoreDataProject.xcdatamodel */;
			path = CoreDataProject.xcdatamodeld;
			sourceTree = "<group>";
			versionGroupType = wrapper.xcdatamodel;
		};
/* End XCVersionGroup section */
	};
	rootObject = D370A546245C95B400AE5475 /* Project object */;
}
