// !$*UTF8*$!
{
	archiveVersion = 1;
	classes = {
	};
	objectVersion = 50;
	objects = {

/* Begin PBXBuildFile section */
		D390D283243FCBA90098AE18 /* AppDelegate.swift in Sources */ = {isa = PBXBuildFile; fileRef = D390D282243FCBA90098AE18 /* AppDelegate.swift */; };
		D390D285243FCBA90098AE18 /* SceneDelegate.swift in Sources */ = {isa = PBXBuildFile; fileRef = D390D284243FCBA90098AE18 /* SceneDelegate.swift */; };
		D390D287243FCBA90098AE18 /* ContentView.swift in Sources */ = {isa = PBXBuildFile; fileRef = D390D286243FCBA90098AE18 /* ContentView.swift */; };
		D390D289243FCBAB0098AE18 /* Assets.xcassets in Resources */ = {isa = PBXBuildFile; fileRef = D390D288243FCBAB0098AE18 /* Assets.xcassets */; };
		D390D28C243FCBAB0098AE18 /* Preview Assets.xcassets in Resources */ = {isa = PBXBuildFile; fileRef = D390D28B243FCBAB0098AE18 /* Preview Assets.xcassets */; };
		D390D28F243FCBAB0098AE18 /* LaunchScreen.storyboard in Resources */ = {isa = PBXBuildFile; fileRef = D390D28D243FCBAB0098AE18 /* LaunchScreen.storyboard */; };
/* End PBXBuildFile section */

/* Begin PBXFileReference section */
		D390D27F243FCBA90098AE18 /* Drawing-BlendedCircles.app */ = {isa = PBXFileReference; explicitFileType = wrapper.application; includeInIndex = 0; path = "Drawing-BlendedCircles.app"; sourceTree = BUILT_PRODUCTS_DIR; };
		D390D282243FCBA90098AE18 /* AppDelegate.swift */ = {isa = PBXFileReference; lastKnownFileType = sourcecode.swift; path = AppDelegate.swift; sourceTree = "<group>"; };
		D390D284243FCBA90098AE18 /* SceneDelegate.swift */ = {isa = PBXFileReference; lastKnownFileType = sourcecode.swift; path = SceneDelegate.swift; sourceTree = "<group>"; };
		D390D286243FCBA90098AE18 /* ContentView.swift */ = {isa = PBXFileReference; lastKnownFileType = sourcecode.swift; path = ContentView.swift; sourceTree = "<group>"; };
		D390D288243FCBAB0098AE18 /* Assets.xcassets */ = {isa = PBXFileReference; lastKnownFileType = folder.assetcatalog; path = Assets.xcassets; sourceTree = "<group>"; };
		D390D28B243FCBAB0098AE18 /* Preview Assets.xcassets */ = {isa = PBXFileReference; lastKnownFileType = folder.assetcatalog; path = "Preview Assets.xcassets"; sourceTree = "<group>"; };
		D390D28E243FCBAB0098AE18 /* Base */ = {isa = PBXFileReference; lastKnownFileType = file.storyboard; name = Base; path = Base.lproj/LaunchScreen.storyboard; sourceTree = "<group>"; };
		D390D290243FCBAB0098AE18 /* Info.plist */ = {isa = PBXFileReference; lastKnownFileType = text.plist.xml; path = Info.plist; sourceTree = "<group>"; };
/* End PBXFileReference section */

/* Begin PBXFrameworksBuildPhase section */
		D390D27C243FCBA90098AE18 /* Frameworks */ = {
			isa = PBXFrameworksBuildPhase;
			buildActionMask = 2147483647;
			files = (
			);
			runOnlyForDeploymentPostprocessing = 0;
		};
/* End PBXFrameworksBuildPhase section */

/* Begin PBXGroup section */
		D390D276243FCBA90098AE18 = {
			isa = PBXGroup;
			children = (
				D390D281243FCBA90098AE18 /* Drawing-BlendedCircles */,
				D390D280243FCBA90098AE18 /* Products */,
			);
			sourceTree = "<group>";
		};
		D390D280243FCBA90098AE18 /* Products */ = {
			isa = PBXGroup;
			children = (
				D390D27F243FCBA90098AE18 /* Drawing-BlendedCircles.app */,
			);
			name = Products;
			sourceTree = "<group>";
		};
		D390D281243FCBA90098AE18 /* Drawing-BlendedCircles */ = {
			isa = PBXGroup;
			children = (
				D390D282243FCBA90098AE18 /* AppDelegate.swift */,
				D390D284243FCBA90098AE18 /* SceneDelegate.swift */,
				D390D286243FCBA90098AE18 /* ContentView.swift */,
				D390D288243FCBAB0098AE18 /* Assets.xcassets */,
				D390D28D243FCBAB0098AE18 /* LaunchScreen.storyboard */,
				D390D290243FCBAB0098AE18 /* Info.plist */,
				D390D28A243FCBAB0098AE18 /* Preview Content */,
			);
			path = "Drawing-BlendedCircles";
			sourceTree = "<group>";
		};
		D390D28A243FCBAB0098AE18 /* Preview Content */ = {
			isa = PBXGroup;
			children = (
				D390D28B243FCBAB0098AE18 /* Preview Assets.xcassets */,
			);
			path = "Preview Content";
			sourceTree = "<group>";
		};
/* End PBXGroup section */

/* Begin PBXNativeTarget section */
		D390D27E243FCBA90098AE18 /* Drawing-BlendedCircles */ = {
			isa = PBXNativeTarget;
			buildConfigurationList = D390D293243FCBAB0098AE18 /* Build configuration list for PBXNativeTarget "Drawing-BlendedCircles" */;
			buildPhases = (
				D390D27B243FCBA90098AE18 /* Sources */,
				D390D27C243FCBA90098AE18 /* Frameworks */,
				D390D27D243FCBA90098AE18 /* Resources */,
			);
			buildRules = (
			);
			dependencies = (
			);
			name = "Drawing-BlendedCircles";
			productName = "Drawing-BlendedCircles";
			productReference = D390D27F243FCBA90098AE18 /* Drawing-BlendedCircles.app */;
			productType = "com.apple.product-type.application";
		};
/* End PBXNativeTarget section */

/* Begin PBXProject section */
		D390D277243FCBA90098AE18 /* Project object */ = {
			isa = PBXProject;
			attributes = {
				LastSwiftUpdateCheck = 1140;
				LastUpgradeCheck = 1140;
				ORGANIZATIONNAME = "Jason Mitchell";
				TargetAttributes = {
					D390D27E243FCBA90098AE18 = {
						CreatedOnToolsVersion = 11.4;
					};
				};
			};
			buildConfigurationList = D390D27A243FCBA90098AE18 /* Build configuration list for PBXProject "Drawing-BlendedCircles" */;
			compatibilityVersion = "Xcode 9.3";
			developmentRegion = en;
			hasScannedForEncodings = 0;
			knownRegions = (
				en,
				Base,
			);
			mainGroup = D390D276243FCBA90098AE18;
			productRefGroup = D390D280243FCBA90098AE18 /* Products */;
			projectDirPath = "";
			projectRoot = "";
			targets = (
				D390D27E243FCBA90098AE18 /* Drawing-BlendedCircles */,
			);
		};
/* End PBXProject section */

/* Begin PBXResourcesBuildPhase section */
		D390D27D243FCBA90098AE18 /* Resources */ = {
			isa = PBXResourcesBuildPhase;
			buildActionMask = 2147483647;
			files = (
				D390D28F243FCBAB0098AE18 /* LaunchScreen.storyboard in Resources */,
				D390D28C243FCBAB0098AE18 /* Preview Assets.xcassets in Resources */,
				D390D289243FCBAB0098AE18 /* Assets.xcassets in Resources */,
			);
			runOnlyForDeploymentPostprocessing = 0;
		};
/* End PBXResourcesBuildPhase section */

/* Begin PBXSourcesBuildPhase section */
		D390D27B243FCBA90098AE18 /* Sources */ = {
			isa = PBXSourcesBuildPhase;
			buildActionMask = 2147483647;
			files = (
				D390D283243FCBA90098AE18 /* AppDelegate.swift in Sources */,
				D390D285243FCBA90098AE18 /* SceneDelegate.swift in Sources */,
				D390D287243FCBA90098AE18 /* ContentView.swift in Sources */,
			);
			runOnlyForDeploymentPostprocessing = 0;
		};
/* End PBXSourcesBuildPhase section */

/* Begin PBXVariantGroup section */
		D390D28D243FCBAB0098AE18 /* LaunchScreen.storyboard */ = {
			isa = PBXVariantGroup;
			children = (
				D390D28E243FCBAB0098AE18 /* Base */,
			);
			name = LaunchScreen.storyboard;
			sourceTree = "<group>";
		};
/* End PBXVariantGroup section */

/* Begin XCBuildConfiguration section */
		D390D291243FCBAB0098AE18 /* Debug */ = {
			isa = XCBuildConfiguration;
			buildSettings = {
				ALWAYS_SEARCH_USER_PATHS = NO;
				CLANG_ANALYZER_NONNULL = YES;
				CLANG_ANALYZER_NUMBER_OBJECT_CONVERSION = YES_AGGRESSIVE;
				CLANG_CXX_LANGUAGE_STANDARD = "gnu++14";
				CLANG_CXX_LIBRARY = "libc++";
				CLANG_ENABLE_MODULES = YES;
				CLANG_ENABLE_OBJC_ARC = YES;
				CLANG_ENABLE_OBJC_WEAK = YES;
				CLANG_WARN_BLOCK_CAPTURE_AUTORELEASING = YES;
				CLANG_WARN_BOOL_CONVERSION = YES;
				CLANG_WARN_COMMA = YES;
				CLANG_WARN_CONSTANT_CONVERSION = YES;
				CLANG_WARN_DEPRECATED_OBJC_IMPLEMENTATIONS = YES;
				CLANG_WARN_DIRECT_OBJC_ISA_USAGE = YES_ERROR;
				CLANG_WARN_DOCUMENTATION_COMMENTS = YES;
				CLANG_WARN_EMPTY_BODY = YES;
				CLANG_WARN_ENUM_CONVERSION = YES;
				CLANG_WARN_INFINITE_RECURSION = YES;
				CLANG_WARN_INT_CONVERSION = YES;
				CLANG_WARN_NON_LITERAL_NULL_CONVERSION = YES;
				CLANG_WARN_OBJC_IMPLICIT_RETAIN_SELF = YES;
				CLANG_WARN_OBJC_LITERAL_CONVERSION = YES;
				CLANG_WARN_OBJC_ROOT_CLASS = YES_ERROR;
				CLANG_WARN_RANGE_LOOP_ANALYSIS = YES;
				CLANG_WARN_STRICT_PROTOTYPES = YES;
				CLANG_WARN_SUSPICIOUS_MOVE = YES;
				CLANG_WARN_UNGUARDED_AVAILABILITY = YES_AGGRESSIVE;
				CLANG_WARN_UNREACHABLE_CODE = YES;
				CLANG_WARN__DUPLICATE_METHOD_MATCH = YES;
				COPY_PHASE_STRIP = NO;
				DEBUG_INFORMATION_FORMAT = dwarf;
				ENABLE_STRICT_OBJC_MSGSEND = YES;
				ENABLE_TESTABILITY = YES;
				GCC_C_LANGUAGE_STANDARD = gnu11;
				GCC_DYNAMIC_NO_PIC = NO;
				GCC_NO_COMMON_BLOCKS = YES;
				GCC_OPTIMIZATION_LEVEL = 0;
				GCC_PREPROCESSOR_DEFINITIONS = (
					"DEBUG=1",
					"$(inherited)",
				);
				GCC_WARN_64_TO_32_BIT_CONVERSION = YES;
				GCC_WARN_ABOUT_RETURN_TYPE = YES_ERROR;
				GCC_WARN_UNDECLARED_SELECTOR = YES;
				GCC_WARN_UNINITIALIZED_AUTOS = YES_AGGRESSIVE;
				GCC_WARN_UNUSED_FUNCTION = YES;
				GCC_WARN_UNUSED_VARIABLE = YES;
				IPHONEOS_DEPLOYMENT_TARGET = 13.4;
				MTL_ENABLE_DEBUG_INFO = INCLUDE_SOURCE;
				MTL_FAST_MATH = YES;
				ONLY_ACTIVE_ARCH = YES;
				SDKROOT = iphoneos;
				SWIFT_ACTIVE_COMPILATION_CONDITIONS = DEBUG;
				SWIFT_OPTIMIZATION_LEVEL = "-Onone";
			};
			name = Debug;
		};
		D390D292243FCBAB0098AE18 /* Release */ = {
			isa = XCBuildConfiguration;
			buildSettings = {
				ALWAYS_SEARCH_USER_PATHS = NO;
				CLANG_ANALYZER_NONNULL = YES;
				CLANG_ANALYZER_NUMBER_OBJECT_CONVERSION = YES_AGGRESSIVE;
				CLANG_CXX_LANGUAGE_STANDARD = "gnu++14";
				CLANG_CXX_LIBRARY = "libc++";
				CLANG_ENABLE_MODULES = YES;
				CLANG_ENABLE_OBJC_ARC = YES;
				CLANG_ENABLE_OBJC_WEAK = YES;
				CLANG_WARN_BLOCK_CAPTURE_AUTORELEASING = YES;
				CLANG_WARN_BOOL_CONVERSION = YES;
				CLANG_WARN_COMMA = YES;
				CLANG_WARN_CONSTANT_CONVERSION = YES;
				CLANG_WARN_DEPRECATED_OBJC_IMPLEMENTATIONS = YES;
				CLANG_WARN_DIRECT_OBJC_ISA_USAGE = YES_ERROR;
				CLANG_WARN_DOCUMENTATION_COMMENTS = YES;
				CLANG_WARN_EMPTY_BODY = YES;
				CLANG_WARN_ENUM_CONVERSION = YES;
				CLANG_WARN_INFINITE_RECURSION = YES;
				CLANG_WARN_INT_CONVERSION = YES;
				CLANG_WARN_NON_LITERAL_NULL_CONVERSION = YES;
				CLANG_WARN_OBJC_IMPLICIT_RETAIN_SELF = YES;
				CLANG_WARN_OBJC_LITERAL_CONVERSION = YES;
				CLANG_WARN_OBJC_ROOT_CLASS = YES_ERROR;
				CLANG_WARN_RANGE_LOOP_ANALYSIS = YES;
				CLANG_WARN_STRICT_PROTOTYPES = YES;
				CLANG_WARN_SUSPICIOUS_MOVE = YES;
				CLANG_WARN_UNGUARDED_AVAILABILITY = YES_AGGRESSIVE;
				CLANG_WARN_UNREACHABLE_CODE = YES;
				CLANG_WARN__DUPLICATE_METHOD_MATCH = YES;
				COPY_PHASE_STRIP = NO;
				DEBUG_INFORMATION_FORMAT = "dwarf-with-dsym";
				ENABLE_NS_ASSERTIONS = NO;
				ENABLE_STRICT_OBJC_MSGSEND = YES;
				GCC_C_LANGUAGE_STANDARD = gnu11;
				GCC_NO_COMMON_BLOCKS = YES;
				GCC_WARN_64_TO_32_BIT_CONVERSION = YES;
				GCC_WARN_ABOUT_RETURN_TYPE = YES_ERROR;
				GCC_WARN_UNDECLARED_SELECTOR = YES;
				GCC_WARN_UNINITIALIZED_AUTOS = YES_AGGRESSIVE;
				GCC_WARN_UNUSED_FUNCTION = YES;
				GCC_WARN_UNUSED_VARIABLE = YES;
				IPHONEOS_DEPLOYMENT_TARGET = 13.4;
				MTL_ENABLE_DEBUG_INFO = NO;
				MTL_FAST_MATH = YES;
				SDKROOT = iphoneos;
				SWIFT_COMPILATION_MODE = wholemodule;
				SWIFT_OPTIMIZATION_LEVEL = "-O";
				VALIDATE_PRODUCT = YES;
			};
			name = Release;
		};
		D390D294243FCBAB0098AE18 /* Debug */ = {
			isa = XCBuildConfiguration;
			buildSettings = {
				ASSETCATALOG_COMPILER_APPICON_NAME = AppIcon;
				CODE_SIGN_STYLE = Automatic;
				DEVELOPMENT_ASSET_PATHS = "\"Drawing-BlendedCircles/Preview Content\"";
				DEVELOPMENT_TEAM = FT544A278F;
				ENABLE_PREVIEWS = YES;
				INFOPLIST_FILE = "Drawing-BlendedCircles/Info.plist";
				LD_RUNPATH_SEARCH_PATHS = (
					"$(inherited)",
					"@executable_path/Frameworks",
				);
				PRODUCT_BUNDLE_IDENTIFIER = "com.devjm.Drawing-BlendedCircles";
				PRODUCT_NAME = "$(TARGET_NAME)";
				SWIFT_VERSION = 5.0;
				TARGETED_DEVICE_FAMILY = "1,2";
			};
			name = Debug;
		};
		D390D295243FCBAB0098AE18 /* Release */ = {
			isa = XCBuildConfiguration;
			buildSettings = {
				ASSETCATALOG_COMPILER_APPICON_NAME = AppIcon;
				CODE_SIGN_STYLE = Automatic;
				DEVELOPMENT_ASSET_PATHS = "\"Drawing-BlendedCircles/Preview Content\"";
				DEVELOPMENT_TEAM = FT544A278F;
				ENABLE_PREVIEWS = YES;
				INFOPLIST_FILE = "Drawing-BlendedCircles/Info.plist";
				LD_RUNPATH_SEARCH_PATHS = (
					"$(inherited)",
					"@executable_path/Frameworks",
				);
				PRODUCT_BUNDLE_IDENTIFIER = "com.devjm.Drawing-BlendedCircles";
				PRODUCT_NAME = "$(TARGET_NAME)";
				SWIFT_VERSION = 5.0;
				TARGETED_DEVICE_FAMILY = "1,2";
			};
			name = Release;
		};
/* End XCBuildConfiguration section */

/* Begin XCConfigurationList section */
		D390D27A243FCBA90098AE18 /* Build configuration list for PBXProject "Drawing-BlendedCircles" */ = {
			isa = XCConfigurationList;
			buildConfigurations = (
				D390D291243FCBAB0098AE18 /* Debug */,
				D390D292243FCBAB0098AE18 /* Release */,
			);
			defaultConfigurationIsVisible = 0;
			defaultConfigurationName = Release;
		};
		D390D293243FCBAB0098AE18 /* Build configuration list for PBXNativeTarget "Drawing-BlendedCircles" */ = {
			isa = XCConfigurationList;
			buildConfigurations = (
				D390D294243FCBAB0098AE18 /* Debug */,
				D390D295243FCBAB0098AE18 /* Release */,
			);
			defaultConfigurationIsVisible = 0;
			defaultConfigurationName = Release;
		};
/* End XCConfigurationList section */
	};
	rootObject = D390D277243FCBA90098AE18 /* Project object */;
}
